// !$*UTF8*$!
{
	archiveVersion = 1;
	classes = {
	};
	objectVersion = 56;
	objects = {

/* Begin PBXBuildFile section */
		525A07202C9212C9005DD753 /* AppDelegate.swift in Sources */ = {isa = PBXBuildFile; fileRef = 525A071F2C9212C9005DD753 /* AppDelegate.swift */; };
		525A07222C9212C9005DD753 /* SceneDelegate.swift in Sources */ = {isa = PBXBuildFile; fileRef = 525A07212C9212C9005DD753 /* SceneDelegate.swift */; };
		525A07242C9212C9005DD753 /* ViewController.swift in Sources */ = {isa = PBXBuildFile; fileRef = 525A07232C9212C9005DD753 /* ViewController.swift */; };
		525A07272C9212C9005DD753 /* Base in Resources */ = {isa = PBXBuildFile; fileRef = 525A07262C9212C9005DD753 /* Base */; };
		525A07292C9212CA005DD753 /* Assets.xcassets in Resources */ = {isa = PBXBuildFile; fileRef = 525A07282C9212CA005DD753 /* Assets.xcassets */; };
		525A072C2C9212CA005DD753 /* Base in Resources */ = {isa = PBXBuildFile; fileRef = 525A072B2C9212CA005DD753 /* Base */; };
		525A07372C9212CA005DD753 /* LAOriginalTests.swift in Sources */ = {isa = PBXBuildFile; fileRef = 525A07362C9212CA005DD753 /* LAOriginalTests.swift */; };
		525A07412C9212CA005DD753 /* LAOriginalUITests.swift in Sources */ = {isa = PBXBuildFile; fileRef = 525A07402C9212CA005DD753 /* LAOriginalUITests.swift */; };
		525A07432C9212CA005DD753 /* LAOriginalUITestsLaunchTests.swift in Sources */ = {isa = PBXBuildFile; fileRef = 525A07422C9212CA005DD753 /* LAOriginalUITestsLaunchTests.swift */; };
/* End PBXBuildFile section */

/* Begin PBXContainerItemProxy section */
		525A07332C9212CA005DD753 /* PBXContainerItemProxy */ = {
			isa = PBXContainerItemProxy;
			containerPortal = 525A07142C9212C9005DD753 /* Project object */;
			proxyType = 1;
			remoteGlobalIDString = 525A071B2C9212C9005DD753;
			remoteInfo = LAOriginal;
		};
		525A073D2C9212CA005DD753 /* PBXContainerItemProxy */ = {
			isa = PBXContainerItemProxy;
			containerPortal = 525A07142C9212C9005DD753 /* Project object */;
			proxyType = 1;
			remoteGlobalIDString = 525A071B2C9212C9005DD753;
			remoteInfo = LAOriginal;
		};
/* End PBXContainerItemProxy section */

/* Begin PBXFileReference section */
		525A071C2C9212C9005DD753 /* LAOriginal.app */ = {isa = PBXFileReference; explicitFileType = wrapper.application; includeInIndex = 0; path = LAOriginal.app; sourceTree = BUILT_PRODUCTS_DIR; };
		525A071F2C9212C9005DD753 /* AppDelegate.swift */ = {isa = PBXFileReference; lastKnownFileType = sourcecode.swift; path = AppDelegate.swift; sourceTree = "<group>"; };
		525A07212C9212C9005DD753 /* SceneDelegate.swift */ = {isa = PBXFileReference; lastKnownFileType = sourcecode.swift; path = SceneDelegate.swift; sourceTree = "<group>"; };
		525A07232C9212C9005DD753 /* ViewController.swift */ = {isa = PBXFileReference; lastKnownFileType = sourcecode.swift; path = ViewController.swift; sourceTree = "<group>"; };
		525A07262C9212C9005DD753 /* Base */ = {isa = PBXFileReference; lastKnownFileType = file.storyboard; name = Base; path = Base.lproj/Main.storyboard; sourceTree = "<group>"; };
		525A07282C9212CA005DD753 /* Assets.xcassets */ = {isa = PBXFileReference; lastKnownFileType = folder.assetcatalog; path = Assets.xcassets; sourceTree = "<group>"; };
		525A072B2C9212CA005DD753 /* Base */ = {isa = PBXFileReference; lastKnownFileType = file.storyboard; name = Base; path = Base.lproj/LaunchScreen.storyboard; sourceTree = "<group>"; };
		525A072D2C9212CA005DD753 /* Info.plist */ = {isa = PBXFileReference; lastKnownFileType = text.plist.xml; path = Info.plist; sourceTree = "<group>"; };
		525A07322C9212CA005DD753 /* LAOriginalTests.xctest */ = {isa = PBXFileReference; explicitFileType = wrapper.cfbundle; includeInIndex = 0; path = LAOriginalTests.xctest; sourceTree = BUILT_PRODUCTS_DIR; };
		525A07362C9212CA005DD753 /* LAOriginalTests.swift */ = {isa = PBXFileReference; lastKnownFileType = sourcecode.swift; path = LAOriginalTests.swift; sourceTree = "<group>"; };
		525A073C2C9212CA005DD753 /* LAOriginalUITests.xctest */ = {isa = PBXFileReference; explicitFileType = wrapper.cfbundle; includeInIndex = 0; path = LAOriginalUITests.xctest; sourceTree = BUILT_PRODUCTS_DIR; };
		525A07402C9212CA005DD753 /* LAOriginalUITests.swift */ = {isa = PBXFileReference; lastKnownFileType = sourcecode.swift; path = LAOriginalUITests.swift; sourceTree = "<group>"; };
		525A07422C9212CA005DD753 /* LAOriginalUITestsLaunchTests.swift */ = {isa = PBXFileReference; lastKnownFileType = sourcecode.swift; path = LAOriginalUITestsLaunchTests.swift; sourceTree = "<group>"; };
/* End PBXFileReference section */

/* Begin PBXFrameworksBuildPhase section */
		525A07192C9212C9005DD753 /* Frameworks */ = {
			isa = PBXFrameworksBuildPhase;
			buildActionMask = 2147483647;
			files = (
			);
			runOnlyForDeploymentPostprocessing = 0;
		};
		525A072F2C9212CA005DD753 /* Frameworks */ = {
			isa = PBXFrameworksBuildPhase;
			buildActionMask = 2147483647;
			files = (
			);
			runOnlyForDeploymentPostprocessing = 0;
		};
		525A07392C9212CA005DD753 /* Frameworks */ = {
			isa = PBXFrameworksBuildPhase;
			buildActionMask = 2147483647;
			files = (
			);
			runOnlyForDeploymentPostprocessing = 0;
		};
/* End PBXFrameworksBuildPhase section */

/* Begin PBXGroup section */
		525A07132C9212C9005DD753 = {
			isa = PBXGroup;
			children = (
				525A071E2C9212C9005DD753 /* LAOriginal */,
				525A07352C9212CA005DD753 /* LAOriginalTests */,
				525A073F2C9212CA005DD753 /* LAOriginalUITests */,
				525A071D2C9212C9005DD753 /* Products */,
			);
			sourceTree = "<group>";
		};
		525A071D2C9212C9005DD753 /* Products */ = {
			isa = PBXGroup;
			children = (
				525A071C2C9212C9005DD753 /* LAOriginal.app */,
				525A07322C9212CA005DD753 /* LAOriginalTests.xctest */,
				525A073C2C9212CA005DD753 /* LAOriginalUITests.xctest */,
			);
			name = Products;
			sourceTree = "<group>";
		};
		525A071E2C9212C9005DD753 /* LAOriginal */ = {
			isa = PBXGroup;
			children = (
				525A071F2C9212C9005DD753 /* AppDelegate.swift */,
				525A07212C9212C9005DD753 /* SceneDelegate.swift */,
				525A07232C9212C9005DD753 /* ViewController.swift */,
				525A07252C9212C9005DD753 /* Main.storyboard */,
				525A07282C9212CA005DD753 /* Assets.xcassets */,
				525A072A2C9212CA005DD753 /* LaunchScreen.storyboard */,
				525A072D2C9212CA005DD753 /* Info.plist */,
			);
			path = LAOriginal;
			sourceTree = "<group>";
		};
		525A07352C9212CA005DD753 /* LAOriginalTests */ = {
			isa = PBXGroup;
			children = (
				525A07362C9212CA005DD753 /* LAOriginalTests.swift */,
			);
			path = LAOriginalTests;
			sourceTree = "<group>";
		};
		525A073F2C9212CA005DD753 /* LAOriginalUITests */ = {
			isa = PBXGroup;
			children = (
				525A07402C9212CA005DD753 /* LAOriginalUITests.swift */,
				525A07422C9212CA005DD753 /* LAOriginalUITestsLaunchTests.swift */,
			);
			path = LAOriginalUITests;
			sourceTree = "<group>";
		};
/* End PBXGroup section */

/* Begin PBXNativeTarget section */
		525A071B2C9212C9005DD753 /* LAOriginal */ = {
			isa = PBXNativeTarget;
			buildConfigurationList = 525A07462C9212CA005DD753 /* Build configuration list for PBXNativeTarget "LAOriginal" */;
			buildPhases = (
				525A07182C9212C9005DD753 /* Sources */,
				525A07192C9212C9005DD753 /* Frameworks */,
				525A071A2C9212C9005DD753 /* Resources */,
			);
			buildRules = (
			);
			dependencies = (
			);
			name = LAOriginal;
			productName = LAOriginal;
			productReference = 525A071C2C9212C9005DD753 /* LAOriginal.app */;
			productType = "com.apple.product-type.application";
		};
		525A07312C9212CA005DD753 /* LAOriginalTests */ = {
			isa = PBXNativeTarget;
			buildConfigurationList = 525A07492C9212CA005DD753 /* Build configuration list for PBXNativeTarget "LAOriginalTests" */;
			buildPhases = (
				525A072E2C9212CA005DD753 /* Sources */,
				525A072F2C9212CA005DD753 /* Frameworks */,
				525A07302C9212CA005DD753 /* Resources */,
			);
			buildRules = (
			);
			dependencies = (
				525A07342C9212CA005DD753 /* PBXTargetDependency */,
			);
			name = LAOriginalTests;
			productName = LAOriginalTests;
			productReference = 525A07322C9212CA005DD753 /* LAOriginalTests.xctest */;
			productType = "com.apple.product-type.bundle.unit-test";
		};
		525A073B2C9212CA005DD753 /* LAOriginalUITests */ = {
			isa = PBXNativeTarget;
			buildConfigurationList = 525A074C2C9212CA005DD753 /* Build configuration list for PBXNativeTarget "LAOriginalUITests" */;
			buildPhases = (
				525A07382C9212CA005DD753 /* Sources */,
				525A07392C9212CA005DD753 /* Frameworks */,
				525A073A2C9212CA005DD753 /* Resources */,
			);
			buildRules = (
			);
			dependencies = (
				525A073E2C9212CA005DD753 /* PBXTargetDependency */,
			);
			name = LAOriginalUITests;
			productName = LAOriginalUITests;
			productReference = 525A073C2C9212CA005DD753 /* LAOriginalUITests.xctest */;
			productType = "com.apple.product-type.bundle.ui-testing";
		};
/* End PBXNativeTarget section */

/* Begin PBXProject section */
		525A07142C9212C9005DD753 /* Project object */ = {
			isa = PBXProject;
			attributes = {
				BuildIndependentTargetsInParallel = 1;
				LastSwiftUpdateCheck = 1540;
				LastUpgradeCheck = 1540;
				TargetAttributes = {
					525A071B2C9212C9005DD753 = {
						CreatedOnToolsVersion = 15.4;
					};
					525A07312C9212CA005DD753 = {
						CreatedOnToolsVersion = 15.4;
						TestTargetID = 525A071B2C9212C9005DD753;
					};
					525A073B2C9212CA005DD753 = {
						CreatedOnToolsVersion = 15.4;
						TestTargetID = 525A071B2C9212C9005DD753;
					};
				};
			};
			buildConfigurationList = 525A07172C9212C9005DD753 /* Build configuration list for PBXProject "LAOriginal" */;
			compatibilityVersion = "Xcode 14.0";
			developmentRegion = en;
			hasScannedForEncodings = 0;
			knownRegions = (
				en,
				Base,
			);
			mainGroup = 525A07132C9212C9005DD753;
			productRefGroup = 525A071D2C9212C9005DD753 /* Products */;
			projectDirPath = "";
			projectRoot = "";
			targets = (
				525A071B2C9212C9005DD753 /* LAOriginal */,
				525A07312C9212CA005DD753 /* LAOriginalTests */,
				525A073B2C9212CA005DD753 /* LAOriginalUITests */,
			);
		};
/* End PBXProject section */

/* Begin PBXResourcesBuildPhase section */
		525A071A2C9212C9005DD753 /* Resources */ = {
			isa = PBXResourcesBuildPhase;
			buildActionMask = 2147483647;
			files = (
				525A07292C9212CA005DD753 /* Assets.xcassets in Resources */,
				525A072C2C9212CA005DD753 /* Base in Resources */,
				525A07272C9212C9005DD753 /* Base in Resources */,
			);
			runOnlyForDeploymentPostprocessing = 0;
		};
		525A07302C9212CA005DD753 /* Resources */ = {
			isa = PBXResourcesBuildPhase;
			buildActionMask = 2147483647;
			files = (
			);
			runOnlyForDeploymentPostprocessing = 0;
		};
		525A073A2C9212CA005DD753 /* Resources */ = {
			isa = PBXResourcesBuildPhase;
			buildActionMask = 2147483647;
			files = (
			);
			runOnlyForDeploymentPostprocessing = 0;
		};
/* End PBXResourcesBuildPhase section */

/* Begin PBXSourcesBuildPhase section */
		525A07182C9212C9005DD753 /* Sources */ = {
			isa = PBXSourcesBuildPhase;
			buildActionMask = 2147483647;
			files = (
				525A07242C9212C9005DD753 /* ViewController.swift in Sources */,
				525A07202C9212C9005DD753 /* AppDelegate.swift in Sources */,
				525A07222C9212C9005DD753 /* SceneDelegate.swift in Sources */,
			);
			runOnlyForDeploymentPostprocessing = 0;
		};
		525A072E2C9212CA005DD753 /* Sources */ = {
			isa = PBXSourcesBuildPhase;
			buildActionMask = 2147483647;
			files = (
				525A07372C9212CA005DD753 /* LAOriginalTests.swift in Sources */,
			);
			runOnlyForDeploymentPostprocessing = 0;
		};
		525A07382C9212CA005DD753 /* Sources */ = {
			isa = PBXSourcesBuildPhase;
			buildActionMask = 2147483647;
			files = (
				525A07432C9212CA005DD753 /* LAOriginalUITestsLaunchTests.swift in Sources */,
				525A07412C9212CA005DD753 /* LAOriginalUITests.swift in Sources */,
			);
			runOnlyForDeploymentPostprocessing = 0;
		};
/* End PBXSourcesBuildPhase section */

/* Begin PBXTargetDependency section */
		525A07342C9212CA005DD753 /* PBXTargetDependency */ = {
			isa = PBXTargetDependency;
			target = 525A071B2C9212C9005DD753 /* LAOriginal */;
			targetProxy = 525A07332C9212CA005DD753 /* PBXContainerItemProxy */;
		};
		525A073E2C9212CA005DD753 /* PBXTargetDependency */ = {
			isa = PBXTargetDependency;
			target = 525A071B2C9212C9005DD753 /* LAOriginal */;
			targetProxy = 525A073D2C9212CA005DD753 /* PBXContainerItemProxy */;
		};
/* End PBXTargetDependency section */

/* Begin PBXVariantGroup section */
		525A07252C9212C9005DD753 /* Main.storyboard */ = {
			isa = PBXVariantGroup;
			children = (
				525A07262C9212C9005DD753 /* Base */,
			);
			name = Main.storyboard;
			sourceTree = "<group>";
		};
		525A072A2C9212CA005DD753 /* LaunchScreen.storyboard */ = {
			isa = PBXVariantGroup;
			children = (
				525A072B2C9212CA005DD753 /* Base */,
			);
			name = LaunchScreen.storyboard;
			sourceTree = "<group>";
		};
/* End PBXVariantGroup section */

/* Begin XCBuildConfiguration section */
		525A07442C9212CA005DD753 /* Debug */ = {
			isa = XCBuildConfiguration;
			buildSettings = {
				ALWAYS_SEARCH_USER_PATHS = NO;
				ASSETCATALOG_COMPILER_GENERATE_SWIFT_ASSET_SYMBOL_EXTENSIONS = YES;
				CLANG_ANALYZER_NONNULL = YES;
				CLANG_ANALYZER_NUMBER_OBJECT_CONVERSION = YES_AGGRESSIVE;
				CLANG_CXX_LANGUAGE_STANDARD = "gnu++20";
				CLANG_ENABLE_MODULES = YES;
				CLANG_ENABLE_OBJC_ARC = YES;
				CLANG_ENABLE_OBJC_WEAK = YES;
				CLANG_WARN_BLOCK_CAPTURE_AUTORELEASING = YES;
				CLANG_WARN_BOOL_CONVERSION = YES;
				CLANG_WARN_COMMA = YES;
				CLANG_WARN_CONSTANT_CONVERSION = YES;
				CLANG_WARN_DEPRECATED_OBJC_IMPLEMENTATIONS = YES;
				CLANG_WARN_DIRECT_OBJC_ISA_USAGE = YES_ERROR;
				CLANG_WARN_DOCUMENTATION_COMMENTS = YES;
				CLANG_WARN_EMPTY_BODY = YES;
				CLANG_WARN_ENUM_CONVERSION = YES;
				CLANG_WARN_INFINITE_RECURSION = YES;
				CLANG_WARN_INT_CONVERSION = YES;
				CLANG_WARN_NON_LITERAL_NULL_CONVERSION = YES;
				CLANG_WARN_OBJC_IMPLICIT_RETAIN_SELF = YES;
				CLANG_WARN_OBJC_LITERAL_CONVERSION = YES;
				CLANG_WARN_OBJC_ROOT_CLASS = YES_ERROR;
				CLANG_WARN_QUOTED_INCLUDE_IN_FRAMEWORK_HEADER = YES;
				CLANG_WARN_RANGE_LOOP_ANALYSIS = YES;
				CLANG_WARN_STRICT_PROTOTYPES = YES;
				CLANG_WARN_SUSPICIOUS_MOVE = YES;
				CLANG_WARN_UNGUARDED_AVAILABILITY = YES_AGGRESSIVE;
				CLANG_WARN_UNREACHABLE_CODE = YES;
				CLANG_WARN__DUPLICATE_METHOD_MATCH = YES;
				COPY_PHASE_STRIP = NO;
				DEBUG_INFORMATION_FORMAT = dwarf;
				ENABLE_STRICT_OBJC_MSGSEND = YES;
				ENABLE_TESTABILITY = YES;
				ENABLE_USER_SCRIPT_SANDBOXING = YES;
				GCC_C_LANGUAGE_STANDARD = gnu17;
				GCC_DYNAMIC_NO_PIC = NO;
				GCC_NO_COMMON_BLOCKS = YES;
				GCC_OPTIMIZATION_LEVEL = 0;
				GCC_PREPROCESSOR_DEFINITIONS = (
					"DEBUG=1",
					"$(inherited)",
				);
				GCC_WARN_64_TO_32_BIT_CONVERSION = YES;
				GCC_WARN_ABOUT_RETURN_TYPE = YES_ERROR;
				GCC_WARN_UNDECLARED_SELECTOR = YES;
				GCC_WARN_UNINITIALIZED_AUTOS = YES_AGGRESSIVE;
				GCC_WARN_UNUSED_FUNCTION = YES;
				GCC_WARN_UNUSED_VARIABLE = YES;
				IPHONEOS_DEPLOYMENT_TARGET = 17.5;
				LOCALIZATION_PREFERS_STRING_CATALOGS = YES;
				MTL_ENABLE_DEBUG_INFO = INCLUDE_SOURCE;
				MTL_FAST_MATH = YES;
				ONLY_ACTIVE_ARCH = YES;
				SDKROOT = iphoneos;
				SWIFT_ACTIVE_COMPILATION_CONDITIONS = "DEBUG $(inherited)";
				SWIFT_OPTIMIZATION_LEVEL = "-Onone";
			};
			name = Debug;
		};
		525A07452C9212CA005DD753 /* Release */ = {
			isa = XCBuildConfiguration;
			buildSettings = {
				ALWAYS_SEARCH_USER_PATHS = NO;
				ASSETCATALOG_COMPILER_GENERATE_SWIFT_ASSET_SYMBOL_EXTENSIONS = YES;
				CLANG_ANALYZER_NONNULL = YES;
				CLANG_ANALYZER_NUMBER_OBJECT_CONVERSION = YES_AGGRESSIVE;
				CLANG_CXX_LANGUAGE_STANDARD = "gnu++20";
				CLANG_ENABLE_MODULES = YES;
				CLANG_ENABLE_OBJC_ARC = YES;
				CLANG_ENABLE_OBJC_WEAK = YES;
				CLANG_WARN_BLOCK_CAPTURE_AUTORELEASING = YES;
				CLANG_WARN_BOOL_CONVERSION = YES;
				CLANG_WARN_COMMA = YES;
				CLANG_WARN_CONSTANT_CONVERSION = YES;
				CLANG_WARN_DEPRECATED_OBJC_IMPLEMENTATIONS = YES;
				CLANG_WARN_DIRECT_OBJC_ISA_USAGE = YES_ERROR;
				CLANG_WARN_DOCUMENTATION_COMMENTS = YES;
				CLANG_WARN_EMPTY_BODY = YES;
				CLANG_WARN_ENUM_CONVERSION = YES;
				CLANG_WARN_INFINITE_RECURSION = YES;
				CLANG_WARN_INT_CONVERSION = YES;
				CLANG_WARN_NON_LITERAL_NULL_CONVERSION = YES;
				CLANG_WARN_OBJC_IMPLICIT_RETAIN_SELF = YES;
				CLANG_WARN_OBJC_LITERAL_CONVERSION = YES;
				CLANG_WARN_OBJC_ROOT_CLASS = YES_ERROR;
				CLANG_WARN_QUOTED_INCLUDE_IN_FRAMEWORK_HEADER = YES;
				CLANG_WARN_RANGE_LOOP_ANALYSIS = YES;
				CLANG_WARN_STRICT_PROTOTYPES = YES;
				CLANG_WARN_SUSPICIOUS_MOVE = YES;
				CLANG_WARN_UNGUARDED_AVAILABILITY = YES_AGGRESSIVE;
				CLANG_WARN_UNREACHABLE_CODE = YES;
				CLANG_WARN__DUPLICATE_METHOD_MATCH = YES;
				COPY_PHASE_STRIP = NO;
				DEBUG_INFORMATION_FORMAT = "dwarf-with-dsym";
				ENABLE_NS_ASSERTIONS = NO;
				ENABLE_STRICT_OBJC_MSGSEND = YES;
				ENABLE_USER_SCRIPT_SANDBOXING = YES;
				GCC_C_LANGUAGE_STANDARD = gnu17;
				GCC_NO_COMMON_BLOCKS = YES;
				GCC_WARN_64_TO_32_BIT_CONVERSION = YES;
				GCC_WARN_ABOUT_RETURN_TYPE = YES_ERROR;
				GCC_WARN_UNDECLARED_SELECTOR = YES;
				GCC_WARN_UNINITIALIZED_AUTOS = YES_AGGRESSIVE;
				GCC_WARN_UNUSED_FUNCTION = YES;
				GCC_WARN_UNUSED_VARIABLE = YES;
				IPHONEOS_DEPLOYMENT_TARGET = 17.5;
				LOCALIZATION_PREFERS_STRING_CATALOGS = YES;
				MTL_ENABLE_DEBUG_INFO = NO;
				MTL_FAST_MATH = YES;
				SDKROOT = iphoneos;
				SWIFT_COMPILATION_MODE = wholemodule;
				VALIDATE_PRODUCT = YES;
			};
			name = Release;
		};
		525A07472C9212CA005DD753 /* Debug */ = {
			isa = XCBuildConfiguration;
			buildSettings = {
				ASSETCATALOG_COMPILER_APPICON_NAME = AppIcon;
				ASSETCATALOG_COMPILER_GLOBAL_ACCENT_COLOR_NAME = AccentColor;
				CODE_SIGN_STYLE = Automatic;
				CURRENT_PROJECT_VERSION = 1;
				GENERATE_INFOPLIST_FILE = YES;
				INFOPLIST_FILE = LAOriginal/Info.plist;
				INFOPLIST_KEY_UIApplicationSupportsIndirectInputEvents = YES;
				INFOPLIST_KEY_UILaunchStoryboardName = LaunchScreen;
				INFOPLIST_KEY_UIMainStoryboardFile = Main;
				INFOPLIST_KEY_UISupportedInterfaceOrientations_iPad = "UIInterfaceOrientationPortrait UIInterfaceOrientationPortraitUpsideDown UIInterfaceOrientationLandscapeLeft UIInterfaceOrientationLandscapeRight";
				INFOPLIST_KEY_UISupportedInterfaceOrientations_iPhone = "UIInterfaceOrientationPortrait UIInterfaceOrientationLandscapeLeft UIInterfaceOrientationLandscapeRight";
				LD_RUNPATH_SEARCH_PATHS = (
					"$(inherited)",
					"@executable_path/Frameworks",
				);
				MARKETING_VERSION = 1.0;
				PRODUCT_BUNDLE_IDENTIFIER = app.kanno.kanchan.LAOriginal;
				PRODUCT_NAME = "$(TARGET_NAME)";
				SWIFT_EMIT_LOC_STRINGS = YES;
				SWIFT_VERSION = 5.0;
				TARGETED_DEVICE_FAMILY = "1,2";
			};
			name = Debug;
		};
		525A07482C9212CA005DD753 /* Release */ = {
			isa = XCBuildConfiguration;
			buildSettings = {
				ASSETCATALOG_COMPILER_APPICON_NAME = AppIcon;
				ASSETCATALOG_COMPILER_GLOBAL_ACCENT_COLOR_NAME = AccentColor;
				CODE_SIGN_STYLE = Automatic;
				CURRENT_PROJECT_VERSION = 1;
				GENERATE_INFOPLIST_FILE = YES;
				INFOPLIST_FILE = LAOriginal/Info.plist;
				INFOPLIST_KEY_UIApplicationSupportsIndirectInputEvents = YES;
				INFOPLIST_KEY_UILaunchStoryboardName = LaunchScreen;
				INFOPLIST_KEY_UIMainStoryboardFile = Main;
				INFOPLIST_KEY_UISupportedInterfaceOrientations_iPad = "UIInterfaceOrientationPortrait UIInterfaceOrientationPortraitUpsideDown UIInterfaceOrientationLandscapeLeft UIInterfaceOrientationLandscapeRight";
				INFOPLIST_KEY_UISupportedInterfaceOrientations_iPhone = "UIInterfaceOrientationPortrait UIInterfaceOrientationLandscapeLeft UIInterfaceOrientationLandscapeRight";
				LD_RUNPATH_SEARCH_PATHS = (
					"$(inherited)",
					"@executable_path/Frameworks",
				);
				MARKETING_VERSION = 1.0;
				PRODUCT_BUNDLE_IDENTIFIER = app.kanno.kanchan.LAOriginal;
				PRODUCT_NAME = "$(TARGET_NAME)";
				SWIFT_EMIT_LOC_STRINGS = YES;
				SWIFT_VERSION = 5.0;
				TARGETED_DEVICE_FAMILY = "1,2";
			};
			name = Release;
		};
		525A074A2C9212CA005DD753 /* Debug */ = {
			isa = XCBuildConfiguration;
			buildSettings = {
				ALWAYS_EMBED_SWIFT_STANDARD_LIBRARIES = YES;
				BUNDLE_LOADER = "$(TEST_HOST)";
				CODE_SIGN_STYLE = Automatic;
				CURRENT_PROJECT_VERSION = 1;
				GENERATE_INFOPLIST_FILE = YES;
				IPHONEOS_DEPLOYMENT_TARGET = 17.5;
				MARKETING_VERSION = 1.0;
				PRODUCT_BUNDLE_IDENTIFIER = app.kanno.kanchan.LAOriginalTests;
				PRODUCT_NAME = "$(TARGET_NAME)";
				SWIFT_EMIT_LOC_STRINGS = NO;
				SWIFT_VERSION = 5.0;
				TARGETED_DEVICE_FAMILY = "1,2";
				TEST_HOST = "$(BUILT_PRODUCTS_DIR)/LAOriginal.app/$(BUNDLE_EXECUTABLE_FOLDER_PATH)/LAOriginal";
			};
			name = Debug;
		};
		525A074B2C9212CA005DD753 /* Release */ = {
			isa = XCBuildConfiguration;
			buildSettings = {
				ALWAYS_EMBED_SWIFT_STANDARD_LIBRARIES = YES;
				BUNDLE_LOADER = "$(TEST_HOST)";
				CODE_SIGN_STYLE = Automatic;
				CURRENT_PROJECT_VERSION = 1;
				GENERATE_INFOPLIST_FILE = YES;
				IPHONEOS_DEPLOYMENT_TARGET = 17.5;
				MARKETING_VERSION = 1.0;
				PRODUCT_BUNDLE_IDENTIFIER = app.kanno.kanchan.LAOriginalTests;
				PRODUCT_NAME = "$(TARGET_NAME)";
				SWIFT_EMIT_LOC_STRINGS = NO;
				SWIFT_VERSION = 5.0;
				TARGETED_DEVICE_FAMILY = "1,2";
				TEST_HOST = "$(BUILT_PRODUCTS_DIR)/LAOriginal.app/$(BUNDLE_EXECUTABLE_FOLDER_PATH)/LAOriginal";
			};
			name = Release;
		};
		525A074D2C9212CA005DD753 /* Debug */ = {
			isa = XCBuildConfiguration;
			buildSettings = {
				ALWAYS_EMBED_SWIFT_STANDARD_LIBRARIES = YES;
				CODE_SIGN_STYLE = Automatic;
				CURRENT_PROJECT_VERSION = 1;
				GENERATE_INFOPLIST_FILE = YES;
				MARKETING_VERSION = 1.0;
				PRODUCT_BUNDLE_IDENTIFIER = app.kanno.kanchan.LAOriginalUITests;
				PRODUCT_NAME = "$(TARGET_NAME)";
				SWIFT_EMIT_LOC_STRINGS = NO;
				SWIFT_VERSION = 5.0;
				TARGETED_DEVICE_FAMILY = "1,2";
				TEST_TARGET_NAME = LAOriginal;
			};
			name = Debug;
		};
		525A074E2C9212CA005DD753 /* Release */ = {
			isa = XCBuildConfiguration;
			buildSettings = {
				ALWAYS_EMBED_SWIFT_STANDARD_LIBRARIES = YES;
				CODE_SIGN_STYLE = Automatic;
				CURRENT_PROJECT_VERSION = 1;
				GENERATE_INFOPLIST_FILE = YES;
				MARKETING_VERSION = 1.0;
				PRODUCT_BUNDLE_IDENTIFIER = app.kanno.kanchan.LAOriginalUITests;
				PRODUCT_NAME = "$(TARGET_NAME)";
				SWIFT_EMIT_LOC_STRINGS = NO;
				SWIFT_VERSION = 5.0;
				TARGETED_DEVICE_FAMILY = "1,2";
				TEST_TARGET_NAME = LAOriginal;
			};
			name = Release;
		};
/* End XCBuildConfiguration section */

/* Begin XCConfigurationList section */
		525A07172C9212C9005DD753 /* Build configuration list for PBXProject "LAOriginal" */ = {
			isa = XCConfigurationList;
			buildConfigurations = (
				525A07442C9212CA005DD753 /* Debug */,
				525A07452C9212CA005DD753 /* Release */,
			);
			defaultConfigurationIsVisible = 0;
			defaultConfigurationName = Release;
		};
		525A07462C9212CA005DD753 /* Build configuration list for PBXNativeTarget "LAOriginal" */ = {
			isa = XCConfigurationList;
			buildConfigurations = (
				525A07472C9212CA005DD753 /* Debug */,
				525A07482C9212CA005DD753 /* Release */,
			);
			defaultConfigurationIsVisible = 0;
			defaultConfigurationName = Release;
		};
		525A07492C9212CA005DD753 /* Build configuration list for PBXNativeTarget "LAOriginalTests" */ = {
			isa = XCConfigurationList;
			buildConfigurations = (
				525A074A2C9212CA005DD753 /* Debug */,
				525A074B2C9212CA005DD753 /* Release */,
			);
			defaultConfigurationIsVisible = 0;
			defaultConfigurationName = Release;
		};
		525A074C2C9212CA005DD753 /* Build configuration list for PBXNativeTarget "LAOriginalUITests" */ = {
			isa = XCConfigurationList;
			buildConfigurations = (
				525A074D2C9212CA005DD753 /* Debug */,
				525A074E2C9212CA005DD753 /* Release */,
			);
			defaultConfigurationIsVisible = 0;
			defaultConfigurationName = Release;
		};
/* End XCConfigurationList section */
	};
	rootObject = 525A07142C9212C9005DD753 /* Project object */;
}
